// !$*UTF8*$!
{
	archiveVersion = 1;
	classes = {
	};
	objectVersion = 50;
	objects = {

/* Begin PBXBuildFile section */
		731EBC4821EA2F610075756D /* logo.png in Resources */ = {isa = PBXBuildFile; fileRef = 731EBC4721EA2F610075756D /* logo.png */; };
		7399F28921EA2E4D0012808E /* AppDelegate.swift in Sources */ = {isa = PBXBuildFile; fileRef = 7399F28821EA2E4D0012808E /* AppDelegate.swift */; };
		7399F28B21EA2E4D0012808E /* ViewController.swift in Sources */ = {isa = PBXBuildFile; fileRef = 7399F28A21EA2E4D0012808E /* ViewController.swift */; };
		7399F28E21EA2E4D0012808E /* Main.storyboard in Resources */ = {isa = PBXBuildFile; fileRef = 7399F28C21EA2E4D0012808E /* Main.storyboard */; };
		7399F29021EA2E4E0012808E /* Assets.xcassets in Resources */ = {isa = PBXBuildFile; fileRef = 7399F28F21EA2E4E0012808E /* Assets.xcassets */; };
		7399F29321EA2E4E0012808E /* LaunchScreen.storyboard in Resources */ = {isa = PBXBuildFile; fileRef = 7399F29121EA2E4E0012808E /* LaunchScreen.storyboard */; };
		7399F29E21EA2E4E0012808E /* Hof_BeygaertTests.swift in Sources */ = {isa = PBXBuildFile; fileRef = 7399F29D21EA2E4E0012808E /* Hof_BeygaertTests.swift */; };
		7399F2A921EA2E4E0012808E /* Hof_BeygaertUITests.swift in Sources */ = {isa = PBXBuildFile; fileRef = 7399F2A821EA2E4E0012808E /* Hof_BeygaertUITests.swift */; };
/* End PBXBuildFile section */

/* Begin PBXContainerItemProxy section */
		7399F29A21EA2E4E0012808E /* PBXContainerItemProxy */ = {
			isa = PBXContainerItemProxy;
			containerPortal = 7399F27D21EA2E4D0012808E /* Project object */;
			proxyType = 1;
			remoteGlobalIDString = 7399F28421EA2E4D0012808E;
			remoteInfo = "Hof Beygaert";
		};
		7399F2A521EA2E4E0012808E /* PBXContainerItemProxy */ = {
			isa = PBXContainerItemProxy;
			containerPortal = 7399F27D21EA2E4D0012808E /* Project object */;
			proxyType = 1;
			remoteGlobalIDString = 7399F28421EA2E4D0012808E;
			remoteInfo = "Hof Beygaert";
		};
/* End PBXContainerItemProxy section */

/* Begin PBXFileReference section */
		731EBC4721EA2F610075756D /* logo.png */ = {isa = PBXFileReference; lastKnownFileType = image.png; path = logo.png; sourceTree = "<group>"; };
		7399F28521EA2E4D0012808E /* Hof Beygaert.app */ = {isa = PBXFileReference; explicitFileType = wrapper.application; includeInIndex = 0; path = "Hof Beygaert.app"; sourceTree = BUILT_PRODUCTS_DIR; };
		7399F28821EA2E4D0012808E /* AppDelegate.swift */ = {isa = PBXFileReference; lastKnownFileType = sourcecode.swift; path = AppDelegate.swift; sourceTree = "<group>"; };
		7399F28A21EA2E4D0012808E /* ViewController.swift */ = {isa = PBXFileReference; lastKnownFileType = sourcecode.swift; path = ViewController.swift; sourceTree = "<group>"; };
		7399F28D21EA2E4D0012808E /* Base */ = {isa = PBXFileReference; lastKnownFileType = file.storyboard; name = Base; path = Base.lproj/Main.storyboard; sourceTree = "<group>"; };
		7399F28F21EA2E4E0012808E /* Assets.xcassets */ = {isa = PBXFileReference; lastKnownFileType = folder.assetcatalog; path = Assets.xcassets; sourceTree = "<group>"; };
		7399F29221EA2E4E0012808E /* Base */ = {isa = PBXFileReference; lastKnownFileType = file.storyboard; name = Base; path = Base.lproj/LaunchScreen.storyboard; sourceTree = "<group>"; };
		7399F29421EA2E4E0012808E /* Info.plist */ = {isa = PBXFileReference; lastKnownFileType = text.plist.xml; path = Info.plist; sourceTree = "<group>"; };
		7399F29921EA2E4E0012808E /* Hof BeygaertTests.xctest */ = {isa = PBXFileReference; explicitFileType = wrapper.cfbundle; includeInIndex = 0; path = "Hof BeygaertTests.xctest"; sourceTree = BUILT_PRODUCTS_DIR; };
		7399F29D21EA2E4E0012808E /* Hof_BeygaertTests.swift */ = {isa = PBXFileReference; lastKnownFileType = sourcecode.swift; path = Hof_BeygaertTests.swift; sourceTree = "<group>"; };
		7399F29F21EA2E4E0012808E /* Info.plist */ = {isa = PBXFileReference; lastKnownFileType = text.plist.xml; path = Info.plist; sourceTree = "<group>"; };
		7399F2A421EA2E4E0012808E /* Hof BeygaertUITests.xctest */ = {isa = PBXFileReference; explicitFileType = wrapper.cfbundle; includeInIndex = 0; path = "Hof BeygaertUITests.xctest"; sourceTree = BUILT_PRODUCTS_DIR; };
		7399F2A821EA2E4E0012808E /* Hof_BeygaertUITests.swift */ = {isa = PBXFileReference; lastKnownFileType = sourcecode.swift; path = Hof_BeygaertUITests.swift; sourceTree = "<group>"; };
		7399F2AA21EA2E4E0012808E /* Info.plist */ = {isa = PBXFileReference; lastKnownFileType = text.plist.xml; path = Info.plist; sourceTree = "<group>"; };
/* End PBXFileReference section */

/* Begin PBXFrameworksBuildPhase section */
		7399F28221EA2E4D0012808E /* Frameworks */ = {
			isa = PBXFrameworksBuildPhase;
			buildActionMask = 2147483647;
			files = (
			);
			runOnlyForDeploymentPostprocessing = 0;
		};
		7399F29621EA2E4E0012808E /* Frameworks */ = {
			isa = PBXFrameworksBuildPhase;
			buildActionMask = 2147483647;
			files = (
			);
			runOnlyForDeploymentPostprocessing = 0;
		};
		7399F2A121EA2E4E0012808E /* Frameworks */ = {
			isa = PBXFrameworksBuildPhase;
			buildActionMask = 2147483647;
			files = (
			);
			runOnlyForDeploymentPostprocessing = 0;
		};
/* End PBXFrameworksBuildPhase section */

/* Begin PBXGroup section */
		731EBC4621EA2F300075756D /* Resources */ = {
			isa = PBXGroup;
			children = (
				731EBC4721EA2F610075756D /* logo.png */,
			);
			path = Resources;
			sourceTree = "<group>";
		};
		7399F27C21EA2E4D0012808E = {
			isa = PBXGroup;
			children = (
				731EBC4621EA2F300075756D /* Resources */,
				7399F28721EA2E4D0012808E /* Hof Beygaert */,
				7399F29C21EA2E4E0012808E /* Hof BeygaertTests */,
				7399F2A721EA2E4E0012808E /* Hof BeygaertUITests */,
				7399F28621EA2E4D0012808E /* Products */,
			);
			sourceTree = "<group>";
		};
		7399F28621EA2E4D0012808E /* Products */ = {
			isa = PBXGroup;
			children = (
				7399F28521EA2E4D0012808E /* Hof Beygaert.app */,
				7399F29921EA2E4E0012808E /* Hof BeygaertTests.xctest */,
				7399F2A421EA2E4E0012808E /* Hof BeygaertUITests.xctest */,
			);
			name = Products;
			sourceTree = "<group>";
		};
		7399F28721EA2E4D0012808E /* Hof Beygaert */ = {
			isa = PBXGroup;
			children = (
				7399F28821EA2E4D0012808E /* AppDelegate.swift */,
				7399F28A21EA2E4D0012808E /* ViewController.swift */,
				7399F28C21EA2E4D0012808E /* Main.storyboard */,
				7399F28F21EA2E4E0012808E /* Assets.xcassets */,
				7399F29121EA2E4E0012808E /* LaunchScreen.storyboard */,
				7399F29421EA2E4E0012808E /* Info.plist */,
			);
			path = "Hof Beygaert";
			sourceTree = "<group>";
		};
		7399F29C21EA2E4E0012808E /* Hof BeygaertTests */ = {
			isa = PBXGroup;
			children = (
				7399F29D21EA2E4E0012808E /* Hof_BeygaertTests.swift */,
				7399F29F21EA2E4E0012808E /* Info.plist */,
			);
			path = "Hof BeygaertTests";
			sourceTree = "<group>";
		};
		7399F2A721EA2E4E0012808E /* Hof BeygaertUITests */ = {
			isa = PBXGroup;
			children = (
				7399F2A821EA2E4E0012808E /* Hof_BeygaertUITests.swift */,
				7399F2AA21EA2E4E0012808E /* Info.plist */,
			);
			path = "Hof BeygaertUITests";
			sourceTree = "<group>";
		};
/* End PBXGroup section */

/* Begin PBXNativeTarget section */
		7399F28421EA2E4D0012808E /* Hof Beygaert */ = {
			isa = PBXNativeTarget;
			buildConfigurationList = 7399F2AD21EA2E4E0012808E /* Build configuration list for PBXNativeTarget "Hof Beygaert" */;
			buildPhases = (
				7399F28121EA2E4D0012808E /* Sources */,
				7399F28221EA2E4D0012808E /* Frameworks */,
				7399F28321EA2E4D0012808E /* Resources */,
			);
			buildRules = (
			);
			dependencies = (
			);
			name = "Hof Beygaert";
			productName = "Hof Beygaert";
			productReference = 7399F28521EA2E4D0012808E /* Hof Beygaert.app */;
			productType = "com.apple.product-type.application";
		};
		7399F29821EA2E4E0012808E /* Hof BeygaertTests */ = {
			isa = PBXNativeTarget;
			buildConfigurationList = 7399F2B021EA2E4E0012808E /* Build configuration list for PBXNativeTarget "Hof BeygaertTests" */;
			buildPhases = (
				7399F29521EA2E4E0012808E /* Sources */,
				7399F29621EA2E4E0012808E /* Frameworks */,
				7399F29721EA2E4E0012808E /* Resources */,
			);
			buildRules = (
			);
			dependencies = (
				7399F29B21EA2E4E0012808E /* PBXTargetDependency */,
			);
			name = "Hof BeygaertTests";
			productName = "Hof BeygaertTests";
			productReference = 7399F29921EA2E4E0012808E /* Hof BeygaertTests.xctest */;
			productType = "com.apple.product-type.bundle.unit-test";
		};
		7399F2A321EA2E4E0012808E /* Hof BeygaertUITests */ = {
			isa = PBXNativeTarget;
			buildConfigurationList = 7399F2B321EA2E4E0012808E /* Build configuration list for PBXNativeTarget "Hof BeygaertUITests" */;
			buildPhases = (
				7399F2A021EA2E4E0012808E /* Sources */,
				7399F2A121EA2E4E0012808E /* Frameworks */,
				7399F2A221EA2E4E0012808E /* Resources */,
			);
			buildRules = (
			);
			dependencies = (
				7399F2A621EA2E4E0012808E /* PBXTargetDependency */,
			);
			name = "Hof BeygaertUITests";
			productName = "Hof BeygaertUITests";
			productReference = 7399F2A421EA2E4E0012808E /* Hof BeygaertUITests.xctest */;
			productType = "com.apple.product-type.bundle.ui-testing";
		};
/* End PBXNativeTarget section */

/* Begin PBXProject section */
		7399F27D21EA2E4D0012808E /* Project object */ = {
			isa = PBXProject;
			attributes = {
				LastSwiftUpdateCheck = 1010;
				LastUpgradeCheck = 1010;
				ORGANIZATIONNAME = HofBeygaert;
				TargetAttributes = {
					7399F28421EA2E4D0012808E = {
						CreatedOnToolsVersion = 10.1;
					};
					7399F29821EA2E4E0012808E = {
						CreatedOnToolsVersion = 10.1;
						TestTargetID = 7399F28421EA2E4D0012808E;
					};
					7399F2A321EA2E4E0012808E = {
						CreatedOnToolsVersion = 10.1;
						TestTargetID = 7399F28421EA2E4D0012808E;
					};
				};
			};
			buildConfigurationList = 7399F28021EA2E4D0012808E /* Build configuration list for PBXProject "Hof Beygaert" */;
			compatibilityVersion = "Xcode 9.3";
			developmentRegion = en;
			hasScannedForEncodings = 0;
			knownRegions = (
				en,
				Base,
			);
			mainGroup = 7399F27C21EA2E4D0012808E;
			productRefGroup = 7399F28621EA2E4D0012808E /* Products */;
			projectDirPath = "";
			projectRoot = "";
			targets = (
				7399F28421EA2E4D0012808E /* Hof Beygaert */,
				7399F29821EA2E4E0012808E /* Hof BeygaertTests */,
				7399F2A321EA2E4E0012808E /* Hof BeygaertUITests */,
			);
		};
/* End PBXProject section */

/* Begin PBXResourcesBuildPhase section */
		7399F28321EA2E4D0012808E /* Resources */ = {
			isa = PBXResourcesBuildPhase;
			buildActionMask = 2147483647;
			files = (
				731EBC4821EA2F610075756D /* logo.png in Resources */,
				7399F29321EA2E4E0012808E /* LaunchScreen.storyboard in Resources */,
				7399F29021EA2E4E0012808E /* Assets.xcassets in Resources */,
				7399F28E21EA2E4D0012808E /* Main.storyboard in Resources */,
			);
			runOnlyForDeploymentPostprocessing = 0;
		};
		7399F29721EA2E4E0012808E /* Resources */ = {
			isa = PBXResourcesBuildPhase;
			buildActionMask = 2147483647;
			files = (
			);
			runOnlyForDeploymentPostprocessing = 0;
		};
		7399F2A221EA2E4E0012808E /* Resources */ = {
			isa = PBXResourcesBuildPhase;
			buildActionMask = 2147483647;
			files = (
			);
			runOnlyForDeploymentPostprocessing = 0;
		};
/* End PBXResourcesBuildPhase section */

/* Begin PBXSourcesBuildPhase section */
		7399F28121EA2E4D0012808E /* Sources */ = {
			isa = PBXSourcesBuildPhase;
			buildActionMask = 2147483647;
			files = (
				7399F28B21EA2E4D0012808E /* ViewController.swift in Sources */,
				7399F28921EA2E4D0012808E /* AppDelegate.swift in Sources */,
			);
			runOnlyForDeploymentPostprocessing = 0;
		};
		7399F29521EA2E4E0012808E /* Sources */ = {
			isa = PBXSourcesBuildPhase;
			buildActionMask = 2147483647;
			files = (
				7399F29E21EA2E4E0012808E /* Hof_BeygaertTests.swift in Sources */,
			);
			runOnlyForDeploymentPostprocessing = 0;
		};
		7399F2A021EA2E4E0012808E /* Sources */ = {
			isa = PBXSourcesBuildPhase;
			buildActionMask = 2147483647;
			files = (
				7399F2A921EA2E4E0012808E /* Hof_BeygaertUITests.swift in Sources */,
			);
			runOnlyForDeploymentPostprocessing = 0;
		};
/* End PBXSourcesBuildPhase section */

/* Begin PBXTargetDependency section */
		7399F29B21EA2E4E0012808E /* PBXTargetDependency */ = {
			isa = PBXTargetDependency;
			target = 7399F28421EA2E4D0012808E /* Hof Beygaert */;
			targetProxy = 7399F29A21EA2E4E0012808E /* PBXContainerItemProxy */;
		};
		7399F2A621EA2E4E0012808E /* PBXTargetDependency */ = {
			isa = PBXTargetDependency;
			target = 7399F28421EA2E4D0012808E /* Hof Beygaert */;
			targetProxy = 7399F2A521EA2E4E0012808E /* PBXContainerItemProxy */;
		};
/* End PBXTargetDependency section */

/* Begin PBXVariantGroup section */
		7399F28C21EA2E4D0012808E /* Main.storyboard */ = {
			isa = PBXVariantGroup;
			children = (
				7399F28D21EA2E4D0012808E /* Base */,
			);
			name = Main.storyboard;
			sourceTree = "<group>";
		};
		7399F29121EA2E4E0012808E /* LaunchScreen.storyboard */ = {
			isa = PBXVariantGroup;
			children = (
				7399F29221EA2E4E0012808E /* Base */,
			);
			name = LaunchScreen.storyboard;
			sourceTree = "<group>";
		};
/* End PBXVariantGroup section */

/* Begin XCBuildConfiguration section */
		7399F2AB21EA2E4E0012808E /* Debug */ = {
			isa = XCBuildConfiguration;
			buildSettings = {
				ALWAYS_SEARCH_USER_PATHS = NO;
				CLANG_ANALYZER_NONNULL = YES;
				CLANG_ANALYZER_NUMBER_OBJECT_CONVERSION = YES_AGGRESSIVE;
				CLANG_CXX_LANGUAGE_STANDARD = "gnu++14";
				CLANG_CXX_LIBRARY = "libc++";
				CLANG_ENABLE_MODULES = YES;
				CLANG_ENABLE_OBJC_ARC = YES;
				CLANG_ENABLE_OBJC_WEAK = YES;
				CLANG_WARN_BLOCK_CAPTURE_AUTORELEASING = YES;
				CLANG_WARN_BOOL_CONVERSION = YES;
				CLANG_WARN_COMMA = YES;
				CLANG_WARN_CONSTANT_CONVERSION = YES;
				CLANG_WARN_DEPRECATED_OBJC_IMPLEMENTATIONS = YES;
				CLANG_WARN_DIRECT_OBJC_ISA_USAGE = YES_ERROR;
				CLANG_WARN_DOCUMENTATION_COMMENTS = YES;
				CLANG_WARN_EMPTY_BODY = YES;
				CLANG_WARN_ENUM_CONVERSION = YES;
				CLANG_WARN_INFINITE_RECURSION = YES;
				CLANG_WARN_INT_CONVERSION = YES;
				CLANG_WARN_NON_LITERAL_NULL_CONVERSION = YES;
				CLANG_WARN_OBJC_IMPLICIT_RETAIN_SELF = YES;
				CLANG_WARN_OBJC_LITERAL_CONVERSION = YES;
				CLANG_WARN_OBJC_ROOT_CLASS = YES_ERROR;
				CLANG_WARN_RANGE_LOOP_ANALYSIS = YES;
				CLANG_WARN_STRICT_PROTOTYPES = YES;
				CLANG_WARN_SUSPICIOUS_MOVE = YES;
				CLANG_WARN_UNGUARDED_AVAILABILITY = YES_AGGRESSIVE;
				CLANG_WARN_UNREACHABLE_CODE = YES;
				CLANG_WARN__DUPLICATE_METHOD_MATCH = YES;
				CODE_SIGN_IDENTITY = "iPhone Developer";
				COPY_PHASE_STRIP = NO;
				DEBUG_INFORMATION_FORMAT = dwarf;
				ENABLE_STRICT_OBJC_MSGSEND = YES;
				ENABLE_TESTABILITY = YES;
				GCC_C_LANGUAGE_STANDARD = gnu11;
				GCC_DYNAMIC_NO_PIC = NO;
				GCC_NO_COMMON_BLOCKS = YES;
				GCC_OPTIMIZATION_LEVEL = 0;
				GCC_PREPROCESSOR_DEFINITIONS = (
					"DEBUG=1",
					"$(inherited)",
				);
				GCC_WARN_64_TO_32_BIT_CONVERSION = YES;
				GCC_WARN_ABOUT_RETURN_TYPE = YES_ERROR;
				GCC_WARN_UNDECLARED_SELECTOR = YES;
				GCC_WARN_UNINITIALIZED_AUTOS = YES_AGGRESSIVE;
				GCC_WARN_UNUSED_FUNCTION = YES;
				GCC_WARN_UNUSED_VARIABLE = YES;
				IPHONEOS_DEPLOYMENT_TARGET = 12.1;
				MTL_ENABLE_DEBUG_INFO = INCLUDE_SOURCE;
				MTL_FAST_MATH = YES;
				ONLY_ACTIVE_ARCH = YES;
				SDKROOT = iphoneos;
				SWIFT_ACTIVE_COMPILATION_CONDITIONS = DEBUG;
				SWIFT_OPTIMIZATION_LEVEL = "-Onone";
			};
			name = Debug;
		};
		7399F2AC21EA2E4E0012808E /* Release */ = {
			isa = XCBuildConfiguration;
			buildSettings = {
				ALWAYS_SEARCH_USER_PATHS = NO;
				CLANG_ANALYZER_NONNULL = YES;
				CLANG_ANALYZER_NUMBER_OBJECT_CONVERSION = YES_AGGRESSIVE;
				CLANG_CXX_LANGUAGE_STANDARD = "gnu++14";
				CLANG_CXX_LIBRARY = "libc++";
				CLANG_ENABLE_MODULES = YES;
				CLANG_ENABLE_OBJC_ARC = YES;
				CLANG_ENABLE_OBJC_WEAK = YES;
				CLANG_WARN_BLOCK_CAPTURE_AUTORELEASING = YES;
				CLANG_WARN_BOOL_CONVERSION = YES;
				CLANG_WARN_COMMA = YES;
				CLANG_WARN_CONSTANT_CONVERSION = YES;
				CLANG_WARN_DEPRECATED_OBJC_IMPLEMENTATIONS = YES;
				CLANG_WARN_DIRECT_OBJC_ISA_USAGE = YES_ERROR;
				CLANG_WARN_DOCUMENTATION_COMMENTS = YES;
				CLANG_WARN_EMPTY_BODY = YES;
				CLANG_WARN_ENUM_CONVERSION = YES;
				CLANG_WARN_INFINITE_RECURSION = YES;
				CLANG_WARN_INT_CONVERSION = YES;
				CLANG_WARN_NON_LITERAL_NULL_CONVERSION = YES;
				CLANG_WARN_OBJC_IMPLICIT_RETAIN_SELF = YES;
				CLANG_WARN_OBJC_LITERAL_CONVERSION = YES;
				CLANG_WARN_OBJC_ROOT_CLASS = YES_ERROR;
				CLANG_WARN_RANGE_LOOP_ANALYSIS = YES;
				CLANG_WARN_STRICT_PROTOTYPES = YES;
				CLANG_WARN_SUSPICIOUS_MOVE = YES;
				CLANG_WARN_UNGUARDED_AVAILABILITY = YES_AGGRESSIVE;
				CLANG_WARN_UNREACHABLE_CODE = YES;
				CLANG_WARN__DUPLICATE_METHOD_MATCH = YES;
				CODE_SIGN_IDENTITY = "iPhone Developer";
				COPY_PHASE_STRIP = NO;
				DEBUG_INFORMATION_FORMAT = "dwarf-with-dsym";
				ENABLE_NS_ASSERTIONS = NO;
				ENABLE_STRICT_OBJC_MSGSEND = YES;
				GCC_C_LANGUAGE_STANDARD = gnu11;
				GCC_NO_COMMON_BLOCKS = YES;
				GCC_WARN_64_TO_32_BIT_CONVERSION = YES;
				GCC_WARN_ABOUT_RETURN_TYPE = YES_ERROR;
				GCC_WARN_UNDECLARED_SELECTOR = YES;
				GCC_WARN_UNINITIALIZED_AUTOS = YES_AGGRESSIVE;
				GCC_WARN_UNUSED_FUNCTION = YES;
				GCC_WARN_UNUSED_VARIABLE = YES;
				IPHONEOS_DEPLOYMENT_TARGET = 12.1;
				MTL_ENABLE_DEBUG_INFO = NO;
				MTL_FAST_MATH = YES;
				SDKROOT = iphoneos;
				SWIFT_COMPILATION_MODE = wholemodule;
				SWIFT_OPTIMIZATION_LEVEL = "-O";
				VALIDATE_PRODUCT = YES;
			};
			name = Release;
		};
		7399F2AE21EA2E4E0012808E /* Debug */ = {
			isa = XCBuildConfiguration;
			buildSettings = {
				ASSETCATALOG_COMPILER_APPICON_NAME = AppIcon;
				CODE_SIGN_STYLE = Automatic;
				DEVELOPMENT_TEAM = 6NB73Q38MJ;
				INFOPLIST_FILE = "Hof Beygaert/Info.plist";
				LD_RUNPATH_SEARCH_PATHS = (
					"$(inherited)",
					"@executable_path/Frameworks",
				);
				PRODUCT_BUNDLE_IDENTIFIER = "HB.Hof-Beygaert";
				PRODUCT_NAME = "$(TARGET_NAME)";
				SWIFT_VERSION = 4.2;
				TARGETED_DEVICE_FAMILY = "1,2";
			};
			name = Debug;
		};
		7399F2AF21EA2E4E0012808E /* Release */ = {
			isa = XCBuildConfiguration;
			buildSettings = {
				ASSETCATALOG_COMPILER_APPICON_NAME = AppIcon;
				CODE_SIGN_STYLE = Automatic;
				DEVELOPMENT_TEAM = 6NB73Q38MJ;
				INFOPLIST_FILE = "Hof Beygaert/Info.plist";
				LD_RUNPATH_SEARCH_PATHS = (
					"$(inherited)",
					"@executable_path/Frameworks",
				);
				PRODUCT_BUNDLE_IDENTIFIER = "HB.Hof-Beygaert";
				PRODUCT_NAME = "$(TARGET_NAME)";
				SWIFT_VERSION = 4.2;
				TARGETED_DEVICE_FAMILY = "1,2";
			};
			name = Release;
		};
		7399F2B121EA2E4E0012808E /* Debug */ = {
			isa = XCBuildConfiguration;
			buildSettings = {
				ALWAYS_EMBED_SWIFT_STANDARD_LIBRARIES = YES;
				BUNDLE_LOADER = "$(TEST_HOST)";
				CODE_SIGN_STYLE = Automatic;
				DEVELOPMENT_TEAM = 6NB73Q38MJ;
				INFOPLIST_FILE = "Hof BeygaertTests/Info.plist";
				LD_RUNPATH_SEARCH_PATHS = (
					"$(inherited)",
					"@executable_path/Frameworks",
					"@loader_path/Frameworks",
				);
				PRODUCT_BUNDLE_IDENTIFIER = "HB.Hof-BeygaertTests";
				PRODUCT_NAME = "$(TARGET_NAME)";
				SWIFT_VERSION = 4.2;
				TARGETED_DEVICE_FAMILY = "1,2";
				TEST_HOST = "$(BUILT_PRODUCTS_DIR)/Hof Beygaert.app/Hof Beygaert";
			};
			name = Debug;
		};
		7399F2B221EA2E4E0012808E /* Release */ = {
			isa = XCBuildConfiguration;
			buildSettings = {
				ALWAYS_EMBED_SWIFT_STANDARD_LIBRARIES = YES;
				BUNDLE_LOADER = "$(TEST_HOST)";
				CODE_SIGN_STYLE = Automatic;
				DEVELOPMENT_TEAM = 6NB73Q38MJ;
				INFOPLIST_FILE = "Hof BeygaertTests/Info.plist";
				LD_RUNPATH_SEARCH_PATHS = (
					"$(inherited)",
					"@executable_path/Frameworks",
					"@loader_path/Frameworks",
				);
				PRODUCT_BUNDLE_IDENTIFIER = "HB.Hof-BeygaertTests";
				PRODUCT_NAME = "$(TARGET_NAME)";
				SWIFT_VERSION = 4.2;
				TARGETED_DEVICE_FAMILY = "1,2";
				TEST_HOST = "$(BUILT_PRODUCTS_DIR)/Hof Beygaert.app/Hof Beygaert";
			};
			name = Release;
		};
		7399F2B421EA2E4E0012808E /* Debug */ = {
			isa = XCBuildConfiguration;
			buildSettings = {
				ALWAYS_EMBED_SWIFT_STANDARD_LIBRARIES = YES;
				CODE_SIGN_STYLE = Automatic;
				DEVELOPMENT_TEAM = 6NB73Q38MJ;
				INFOPLIST_FILE = "Hof BeygaertUITests/Info.plist";
				LD_RUNPATH_SEARCH_PATHS = (
					"$(inherited)",
					"@executable_path/Frameworks",
					"@loader_path/Frameworks",
				);
				PRODUCT_BUNDLE_IDENTIFIER = "HB.Hof-BeygaertUITests";
				PRODUCT_NAME = "$(TARGET_NAME)";
				SWIFT_VERSION = 4.2;
				TARGETED_DEVICE_FAMILY = "1,2";
				TEST_TARGET_NAME = "Hof Beygaert";
			};
			name = Debug;
		};
		7399F2B521EA2E4E0012808E /* Release */ = {
			isa = XCBuildConfiguration;
			buildSettings = {
				ALWAYS_EMBED_SWIFT_STANDARD_LIBRARIES = YES;
				CODE_SIGN_STYLE = Automatic;
				DEVELOPMENT_TEAM = 6NB73Q38MJ;
				INFOPLIST_FILE = "Hof BeygaertUITests/Info.plist";
				LD_RUNPATH_SEARCH_PATHS = (
					"$(inherited)",
					"@executable_path/Frameworks",
					"@loader_path/Frameworks",
				);
				PRODUCT_BUNDLE_IDENTIFIER = "HB.Hof-BeygaertUITests";
				PRODUCT_NAME = "$(TARGET_NAME)";
				SWIFT_VERSION = 4.2;
				TARGETED_DEVICE_FAMILY = "1,2";
				TEST_TARGET_NAME = "Hof Beygaert";
			};
			name = Release;
		};
/* End XCBuildConfiguration section */

/* Begin XCConfigurationList section */
		7399F28021EA2E4D0012808E /* Build configuration list for PBXProject "Hof Beygaert" */ = {
			isa = XCConfigurationList;
			buildConfigurations = (
				7399F2AB21EA2E4E0012808E /* Debug */,
				7399F2AC21EA2E4E0012808E /* Release */,
			);
			defaultConfigurationIsVisible = 0;
			defaultConfigurationName = Release;
		};
		7399F2AD21EA2E4E0012808E /* Build configuration list for PBXNativeTarget "Hof Beygaert" */ = {
			isa = XCConfigurationList;
			buildConfigurations = (
				7399F2AE21EA2E4E0012808E /* Debug */,
				7399F2AF21EA2E4E0012808E /* Release */,
			);
			defaultConfigurationIsVisible = 0;
			defaultConfigurationName = Release;
		};
		7399F2B021EA2E4E0012808E /* Build configuration list for PBXNativeTarget "Hof BeygaertTests" */ = {
			isa = XCConfigurationList;
			buildConfigurations = (
				7399F2B121EA2E4E0012808E /* Debug */,
				7399F2B221EA2E4E0012808E /* Release */,
			);
			defaultConfigurationIsVisible = 0;
			defaultConfigurationName = Release;
		};
		7399F2B321EA2E4E0012808E /* Build configuration list for PBXNativeTarget "Hof BeygaertUITests" */ = {
			isa = XCConfigurationList;
			buildConfigurations = (
				7399F2B421EA2E4E0012808E /* Debug */,
				7399F2B521EA2E4E0012808E /* Release */,
			);
			defaultConfigurationIsVisible = 0;
			defaultConfigurationName = Release;
		};
/* End XCConfigurationList section */
	};
	rootObject = 7399F27D21EA2E4D0012808E /* Project object */;
}
